
Microsoft Visual Studio Solution File, Format Version 12.00
# Visual Studio Version 17
VisualStudioVersion = 17.4.33122.133
MinimumVisualStudioVersion = 10.0.40219.1
Project("{FAE04EC0-301F-11D3-BF4B-00C04F79EFBC}") = "TallerFrankyUI", "TallerFrankyUI\TallerFrankyUI.csproj", "{8A7D2B59-C597-4B84-B1AD-19698B1956DB}"
EndProject
Project("{FAE04EC0-301F-11D3-BF4B-00C04F79EFBC}") = "Entidades", "Entidades\Entidades.csproj", "{3A73F54F-7E6D-4C9A-A17B-B98046F460DC}"
EndProject
Project("{FAE04EC0-301F-11D3-BF4B-00C04F79EFBC}") = "PRUEBA", "PRUEBA\PRUEBA.csproj", "{38F50E1F-58DE-4B9A-8AA0-B086C0828AD9}"
EndProject
Global
	GlobalSection(SolutionConfigurationPlatforms) = preSolution
		Debug|Any CPU = Debug|Any CPU
		Release|Any CPU = Release|Any CPU
	EndGlobalSection
	GlobalSection(ProjectConfigurationPlatforms) = postSolution
		{8A7D2B59-C597-4B84-B1AD-19698B1956DB}.Debug|Any CPU.ActiveCfg = Debug|Any CPU
		{8A7D2B59-C597-4B84-B1AD-19698B1956DB}.Debug|Any CPU.Build.0 = Debug|Any CPU
		{8A7D2B59-C597-4B84-B1AD-19698B1956DB}.Release|Any CPU.ActiveCfg = Release|Any CPU
		{8A7D2B59-C597-4B84-B1AD-19698B1956DB}.Release|Any CPU.Build.0 = Release|Any CPU
		{3A73F54F-7E6D-4C9A-A17B-B98046F460DC}.Debug|Any CPU.ActiveCfg = Debug|Any CPU
		{3A73F54F-7E6D-4C9A-A17B-B98046F460DC}.Debug|Any CPU.Build.0 = Debug|Any CPU
		{3A73F54F-7E6D-4C9A-A17B-B98046F460DC}.Release|Any CPU.ActiveCfg = Release|Any CPU
		{3A73F54F-7E6D-4C9A-A17B-B98046F460DC}.Release|Any CPU.Build.0 = Release|Any CPU
		{38F50E1F-58DE-4B9A-8AA0-B086C0828AD9}.Debug|Any CPU.ActiveCfg = Debug|Any CPU
		{38F50E1F-58DE-4B9A-8AA0-B086C0828AD9}.Debug|Any CPU.Build.0 = Debug|Any CPU
		{38F50E1F-58DE-4B9A-8AA0-B086C0828AD9}.Release|Any CPU.ActiveCfg = Release|Any CPU
		{38F50E1F-58DE-4B9A-8AA0-B086C0828AD9}.Release|Any CPU.Build.0 = Release|Any CPU
	EndGlobalSection
	GlobalSection(SolutionProperties) = preSolution
		HideSolutionNode = FALSE
	EndGlobalSection
	GlobalSection(ExtensibilityGlobals) = postSolution
		SolutionGuid = {D645664B-5FAA-4EE3-92F8-D2330B8AFFEE}
	EndGlobalSection
EndGlobal
